
Microsoft Visual Studio Solution File, Format Version 12.00
# Visual Studio 14
VisualStudioVersion = 14.0.24720.0
MinimumVisualStudioVersion = 10.0.40219.1
Project("{FAE04EC0-301F-11D3-BF4B-00C04F79EFBC}") = "QuotesQuiz", "QuotesQuiz\QuotesQuiz.csproj", "{1E5CBEFD-7125-4546-9652-E9BA1E39EF57}"
EndProject
Project("{FAE04EC0-301F-11D3-BF4B-00C04F79EFBC}") = "Quiz.EntityModels", "Quiz.Models\Quiz.EntityModels.csproj", "{838DAEB8-D94B-4514-A371-5C74277E082E}"
EndProject
Project("{FAE04EC0-301F-11D3-BF4B-00C04F79EFBC}") = "Quiz.Data", "Quiz.Data\Quiz.Data.csproj", "{4AE4AD6D-06E8-49AC-A157-07ED7F4CE984}"
EndProject
Global
	GlobalSection(SolutionConfigurationPlatforms) = preSolution
		Debug|Any CPU = Debug|Any CPU
		Release|Any CPU = Release|Any CPU
	EndGlobalSection
	GlobalSection(ProjectConfigurationPlatforms) = postSolution
		{1E5CBEFD-7125-4546-9652-E9BA1E39EF57}.Debug|Any CPU.ActiveCfg = Debug|Any CPU
		{1E5CBEFD-7125-4546-9652-E9BA1E39EF57}.Debug|Any CPU.Build.0 = Debug|Any CPU
		{1E5CBEFD-7125-4546-9652-E9BA1E39EF57}.Release|Any CPU.ActiveCfg = Release|Any CPU
		{1E5CBEFD-7125-4546-9652-E9BA1E39EF57}.Release|Any CPU.Build.0 = Release|Any CPU
		{838DAEB8-D94B-4514-A371-5C74277E082E}.Debug|Any CPU.ActiveCfg = Debug|Any CPU
		{838DAEB8-D94B-4514-A371-5C74277E082E}.Debug|Any CPU.Build.0 = Debug|Any CPU
		{838DAEB8-D94B-4514-A371-5C74277E082E}.Release|Any CPU.ActiveCfg = Release|Any CPU
		{838DAEB8-D94B-4514-A371-5C74277E082E}.Release|Any CPU.Build.0 = Release|Any CPU
		{4AE4AD6D-06E8-49AC-A157-07ED7F4CE984}.Debug|Any CPU.ActiveCfg = Debug|Any CPU
		{4AE4AD6D-06E8-49AC-A157-07ED7F4CE984}.Debug|Any CPU.Build.0 = Debug|Any CPU
		{4AE4AD6D-06E8-49AC-A157-07ED7F4CE984}.Release|Any CPU.ActiveCfg = Release|Any CPU
		{4AE4AD6D-06E8-49AC-A157-07ED7F4CE984}.Release|Any CPU.Build.0 = Release|Any CPU
	EndGlobalSection
	GlobalSection(SolutionProperties) = preSolution
		HideSolutionNode = FALSE
	EndGlobalSection
EndGlobal
